// !$*UTF8*$!
{
	archiveVersion = 1;
	classes = {
	};
	objectVersion = 56;
	objects = {

/* Begin PBXBuildFile section */
		7D1EB58D2A0838BC005D5196 /* AppDelegate.swift in Sources */ = {isa = PBXBuildFile; fileRef = 7D1EB58C2A0838BC005D5196 /* AppDelegate.swift */; };
		7D1EB58F2A0838BC005D5196 /* SceneDelegate.swift in Sources */ = {isa = PBXBuildFile; fileRef = 7D1EB58E2A0838BC005D5196 /* SceneDelegate.swift */; };
		7D1EB5912A0838BC005D5196 /* TabBarController.swift in Sources */ = {isa = PBXBuildFile; fileRef = 7D1EB5902A0838BC005D5196 /* TabBarController.swift */; };
		7D1EB5962A0838BD005D5196 /* Assets.xcassets in Resources */ = {isa = PBXBuildFile; fileRef = 7D1EB5952A0838BD005D5196 /* Assets.xcassets */; };
		7D1EB5992A0838BD005D5196 /* LaunchScreen.storyboard in Resources */ = {isa = PBXBuildFile; fileRef = 7D1EB5972A0838BD005D5196 /* LaunchScreen.storyboard */; };
		7D1EB5B82A0850A5005D5196 /* HomeViewController.swift in Sources */ = {isa = PBXBuildFile; fileRef = 7D1EB5B72A0850A5005D5196 /* HomeViewController.swift */; };
		7D1EB5BB2A0850DE005D5196 /* SearchViewController.swift in Sources */ = {isa = PBXBuildFile; fileRef = 7D1EB5BA2A0850DE005D5196 /* SearchViewController.swift */; };
		7D1EB5BE2A085119005D5196 /* AddPublicationViewController.swift in Sources */ = {isa = PBXBuildFile; fileRef = 7D1EB5BD2A085119005D5196 /* AddPublicationViewController.swift */; };
		7D1EB5C12A085165005D5196 /* RealsViewController.swift in Sources */ = {isa = PBXBuildFile; fileRef = 7D1EB5C02A085165005D5196 /* RealsViewController.swift */; };
		7D1EB5C42A08519B005D5196 /* AccountViewController.swift in Sources */ = {isa = PBXBuildFile; fileRef = 7D1EB5C32A08519B005D5196 /* AccountViewController.swift */; };
		7D1EB5C72A08B809005D5196 /* InstagramLogo.swift in Sources */ = {isa = PBXBuildFile; fileRef = 7D1EB5C62A08B809005D5196 /* InstagramLogo.swift */; };
		7D1EB5CA2A08E366005D5196 /* PostCell.swift in Sources */ = {isa = PBXBuildFile; fileRef = 7D1EB5C92A08E366005D5196 /* PostCell.swift */; };
		7D1EB5CC2A096B55005D5196 /* PostModel.swift in Sources */ = {isa = PBXBuildFile; fileRef = 7D1EB5CB2A096B55005D5196 /* PostModel.swift */; };
		7D3DB7F72A124C2B00F25152 /* StoriesModel.swift in Sources */ = {isa = PBXBuildFile; fileRef = 7D3DB7F62A124C2B00F25152 /* StoriesModel.swift */; };
		7D3DB7F92A126D3900F25152 /* StoriesCollectionViewCell.swift in Sources */ = {isa = PBXBuildFile; fileRef = 7D3DB7F82A126D3900F25152 /* StoriesCollectionViewCell.swift */; };
		7D414C2F2A1E7BAE0053DC68 /* UIView + extension.swift in Sources */ = {isa = PBXBuildFile; fileRef = 7D414C2E2A1E7BAE0053DC68 /* UIView + extension.swift */; };
		7D6B5A2A2A0F8C9A000EE1C9 /* StoriesCellTableViewCell.swift in Sources */ = {isa = PBXBuildFile; fileRef = 7D6B5A292A0F8C9A000EE1C9 /* StoriesCellTableViewCell.swift */; };
		7D6B5A2C2A0F8D6F000EE1C9 /* CellCelection.swift in Sources */ = {isa = PBXBuildFile; fileRef = 7D6B5A2B2A0F8D6F000EE1C9 /* CellCelection.swift */; };
		7DB08FE52A23097500CB83AE /* UITableViewCell + extension.swift in Sources */ = {isa = PBXBuildFile; fileRef = 7DB08FE42A23097500CB83AE /* UITableViewCell + extension.swift */; };
/* End PBXBuildFile section */

/* Begin PBXFileReference section */
		7D1EB5892A0838BC005D5196 /* Instagram.app */ = {isa = PBXFileReference; explicitFileType = wrapper.application; includeInIndex = 0; path = Instagram.app; sourceTree = BUILT_PRODUCTS_DIR; };
		7D1EB58C2A0838BC005D5196 /* AppDelegate.swift */ = {isa = PBXFileReference; lastKnownFileType = sourcecode.swift; path = AppDelegate.swift; sourceTree = "<group>"; };
		7D1EB58E2A0838BC005D5196 /* SceneDelegate.swift */ = {isa = PBXFileReference; lastKnownFileType = sourcecode.swift; path = SceneDelegate.swift; sourceTree = "<group>"; };
		7D1EB5902A0838BC005D5196 /* TabBarController.swift */ = {isa = PBXFileReference; lastKnownFileType = sourcecode.swift; path = TabBarController.swift; sourceTree = "<group>"; };
		7D1EB5952A0838BD005D5196 /* Assets.xcassets */ = {isa = PBXFileReference; lastKnownFileType = folder.assetcatalog; path = Assets.xcassets; sourceTree = "<group>"; };
		7D1EB5982A0838BD005D5196 /* Base */ = {isa = PBXFileReference; lastKnownFileType = file.storyboard; name = Base; path = Base.lproj/LaunchScreen.storyboard; sourceTree = "<group>"; };
		7D1EB59A2A0838BD005D5196 /* Info.plist */ = {isa = PBXFileReference; lastKnownFileType = text.plist.xml; path = Info.plist; sourceTree = "<group>"; };
		7D1EB5B72A0850A5005D5196 /* HomeViewController.swift */ = {isa = PBXFileReference; lastKnownFileType = sourcecode.swift; path = HomeViewController.swift; sourceTree = "<group>"; };
		7D1EB5BA2A0850DE005D5196 /* SearchViewController.swift */ = {isa = PBXFileReference; lastKnownFileType = sourcecode.swift; path = SearchViewController.swift; sourceTree = "<group>"; };
		7D1EB5BD2A085119005D5196 /* AddPublicationViewController.swift */ = {isa = PBXFileReference; lastKnownFileType = sourcecode.swift; path = AddPublicationViewController.swift; sourceTree = "<group>"; };
		7D1EB5C02A085165005D5196 /* RealsViewController.swift */ = {isa = PBXFileReference; lastKnownFileType = sourcecode.swift; path = RealsViewController.swift; sourceTree = "<group>"; };
		7D1EB5C32A08519B005D5196 /* AccountViewController.swift */ = {isa = PBXFileReference; lastKnownFileType = sourcecode.swift; path = AccountViewController.swift; sourceTree = "<group>"; };
		7D1EB5C62A08B809005D5196 /* InstagramLogo.swift */ = {isa = PBXFileReference; lastKnownFileType = sourcecode.swift; path = InstagramLogo.swift; sourceTree = "<group>"; };
		7D1EB5C92A08E366005D5196 /* PostCell.swift */ = {isa = PBXFileReference; lastKnownFileType = sourcecode.swift; path = PostCell.swift; sourceTree = "<group>"; };
		7D1EB5CB2A096B55005D5196 /* PostModel.swift */ = {isa = PBXFileReference; lastKnownFileType = sourcecode.swift; path = PostModel.swift; sourceTree = "<group>"; };
		7D3DB7F62A124C2B00F25152 /* StoriesModel.swift */ = {isa = PBXFileReference; lastKnownFileType = sourcecode.swift; path = StoriesModel.swift; sourceTree = "<group>"; };
		7D3DB7F82A126D3900F25152 /* StoriesCollectionViewCell.swift */ = {isa = PBXFileReference; lastKnownFileType = sourcecode.swift; path = StoriesCollectionViewCell.swift; sourceTree = "<group>"; };
		7D414C2E2A1E7BAE0053DC68 /* UIView + extension.swift */ = {isa = PBXFileReference; lastKnownFileType = sourcecode.swift; path = "UIView + extension.swift"; sourceTree = "<group>"; };
		7D6B5A292A0F8C9A000EE1C9 /* StoriesCellTableViewCell.swift */ = {isa = PBXFileReference; lastKnownFileType = sourcecode.swift; path = StoriesCellTableViewCell.swift; sourceTree = "<group>"; };
		7D6B5A2B2A0F8D6F000EE1C9 /* CellCelection.swift */ = {isa = PBXFileReference; lastKnownFileType = sourcecode.swift; path = CellCelection.swift; sourceTree = "<group>"; };
		7DB08FE42A23097500CB83AE /* UITableViewCell + extension.swift */ = {isa = PBXFileReference; lastKnownFileType = sourcecode.swift; path = "UITableViewCell + extension.swift"; sourceTree = "<group>"; };
/* End PBXFileReference section */

/* Begin PBXFrameworksBuildPhase section */
		7D1EB5862A0838BC005D5196 /* Frameworks */ = {
			isa = PBXFrameworksBuildPhase;
			buildActionMask = 2147483647;
			files = (
			);
			runOnlyForDeploymentPostprocessing = 0;
		};
/* End PBXFrameworksBuildPhase section */

/* Begin PBXGroup section */
		7D1EB5802A0838BC005D5196 = {
			isa = PBXGroup;
			children = (
				7D1EB58B2A0838BC005D5196 /* Instagram */,
				7D1EB58A2A0838BC005D5196 /* Products */,
			);
			sourceTree = "<group>";
		};
		7D1EB58A2A0838BC005D5196 /* Products */ = {
			isa = PBXGroup;
			children = (
				7D1EB5892A0838BC005D5196 /* Instagram.app */,
			);
			name = Products;
			sourceTree = "<group>";
		};
		7D1EB58B2A0838BC005D5196 /* Instagram */ = {
			isa = PBXGroup;
			children = (
				7D1EB5B42A085024005D5196 /* Resources */,
				7D1EB5B32A084FE0005D5196 /* App */,
				7D1EB5B52A085044005D5196 /* ViewControllers */,
			);
			path = Instagram;
			sourceTree = "<group>";
		};
		7D1EB5B32A084FE0005D5196 /* App */ = {
			isa = PBXGroup;
			children = (
				7D1EB58C2A0838BC005D5196 /* AppDelegate.swift */,
				7D1EB58E2A0838BC005D5196 /* SceneDelegate.swift */,
				7D1EB5972A0838BD005D5196 /* LaunchScreen.storyboard */,
				7D1EB59A2A0838BD005D5196 /* Info.plist */,
			);
			path = App;
			sourceTree = "<group>";
		};
		7D1EB5B42A085024005D5196 /* Resources */ = {
			isa = PBXGroup;
			children = (
				7D1EB5952A0838BD005D5196 /* Assets.xcassets */,
			);
			path = Resources;
			sourceTree = "<group>";
		};
		7D1EB5B52A085044005D5196 /* ViewControllers */ = {
			isa = PBXGroup;
			children = (
				7D414C2E2A1E7BAE0053DC68 /* UIView + extension.swift */,
				7DB08FE42A23097500CB83AE /* UITableViewCell + extension.swift */,
				7D1EB5B62A08506B005D5196 /* TabBarController */,
				7D1EB5B92A0850C8005D5196 /* HomeViewController */,
				7D1EB5BC2A0850F1005D5196 /* SearchViewController */,
				7D1EB5BF2A08513B005D5196 /* AddPublicationViewController */,
				7D1EB5C22A085181005D5196 /* RealsViewController */,
				7D1EB5C52A0851B4005D5196 /* AccountViewController */,
			);
			path = ViewControllers;
			sourceTree = "<group>";
		};
		7D1EB5B62A08506B005D5196 /* TabBarController */ = {
			isa = PBXGroup;
			children = (
				7D1EB5902A0838BC005D5196 /* TabBarController.swift */,
			);
			path = TabBarController;
			sourceTree = "<group>";
		};
		7D1EB5B92A0850C8005D5196 /* HomeViewController */ = {
			isa = PBXGroup;
			children = (
				7D3DB7FA2A13E8D500F25152 /* Model */,
				7D3DB7FC2A13F7D600F25152 /* Views */,
				7D3DB7FB2A13E93200F25152 /* Controller */,
				7D1EB5C82A08E341005D5196 /* Cells */,
			);
			path = HomeViewController;
			sourceTree = "<group>";
		};
		7D1EB5BC2A0850F1005D5196 /* SearchViewController */ = {
			isa = PBXGroup;
			children = (
				7D1EB5BA2A0850DE005D5196 /* SearchViewController.swift */,
			);
			path = SearchViewController;
			sourceTree = "<group>";
		};
		7D1EB5BF2A08513B005D5196 /* AddPublicationViewController */ = {
			isa = PBXGroup;
			children = (
				7D1EB5BD2A085119005D5196 /* AddPublicationViewController.swift */,
			);
			path = AddPublicationViewController;
			sourceTree = "<group>";
		};
		7D1EB5C22A085181005D5196 /* RealsViewController */ = {
			isa = PBXGroup;
			children = (
				7D1EB5C02A085165005D5196 /* RealsViewController.swift */,
			);
			path = RealsViewController;
			sourceTree = "<group>";
		};
		7D1EB5C52A0851B4005D5196 /* AccountViewController */ = {
			isa = PBXGroup;
			children = (
				7D1EB5C32A08519B005D5196 /* AccountViewController.swift */,
			);
			path = AccountViewController;
			sourceTree = "<group>";
		};
		7D1EB5C82A08E341005D5196 /* Cells */ = {
			isa = PBXGroup;
			children = (
				7D6B5A2B2A0F8D6F000EE1C9 /* CellCelection.swift */,
				7D6B5A292A0F8C9A000EE1C9 /* StoriesCellTableViewCell.swift */,
				7D1EB5C92A08E366005D5196 /* PostCell.swift */,
				7D3DB7F82A126D3900F25152 /* StoriesCollectionViewCell.swift */,
			);
			path = Cells;
			sourceTree = "<group>";
		};
		7D3DB7FA2A13E8D500F25152 /* Model */ = {
			isa = PBXGroup;
			children = (
				7D1EB5CB2A096B55005D5196 /* PostModel.swift */,
				7D3DB7F62A124C2B00F25152 /* StoriesModel.swift */,
			);
			path = Model;
			sourceTree = "<group>";
		};
		7D3DB7FB2A13E93200F25152 /* Controller */ = {
			isa = PBXGroup;
			children = (
				7D1EB5B72A0850A5005D5196 /* HomeViewController.swift */,
			);
			path = Controller;
			sourceTree = "<group>";
		};
		7D3DB7FC2A13F7D600F25152 /* Views */ = {
			isa = PBXGroup;
			children = (
				7D1EB5C62A08B809005D5196 /* InstagramLogo.swift */,
			);
			path = Views;
			sourceTree = "<group>";
		};
/* End PBXGroup section */

/* Begin PBXNativeTarget section */
		7D1EB5882A0838BC005D5196 /* Instagram */ = {
			isa = PBXNativeTarget;
			buildConfigurationList = 7D1EB59D2A0838BD005D5196 /* Build configuration list for PBXNativeTarget "Instagram" */;
			buildPhases = (
				7D1EB5852A0838BC005D5196 /* Sources */,
				7D1EB5862A0838BC005D5196 /* Frameworks */,
				7D1EB5872A0838BC005D5196 /* Resources */,
			);
			buildRules = (
			);
			dependencies = (
			);
			name = Instagram;
			productName = Instagram;
			productReference = 7D1EB5892A0838BC005D5196 /* Instagram.app */;
			productType = "com.apple.product-type.application";
		};
/* End PBXNativeTarget section */

/* Begin PBXProject section */
		7D1EB5812A0838BC005D5196 /* Project object */ = {
			isa = PBXProject;
			attributes = {
				BuildIndependentTargetsInParallel = 1;
				LastSwiftUpdateCheck = 1430;
				LastUpgradeCheck = 1430;
				TargetAttributes = {
					7D1EB5882A0838BC005D5196 = {
						CreatedOnToolsVersion = 14.3;
					};
				};
			};
			buildConfigurationList = 7D1EB5842A0838BC005D5196 /* Build configuration list for PBXProject "Instagram" */;
			compatibilityVersion = "Xcode 14.0";
			developmentRegion = en;
			hasScannedForEncodings = 0;
			knownRegions = (
				en,
				Base,
			);
			mainGroup = 7D1EB5802A0838BC005D5196;
			productRefGroup = 7D1EB58A2A0838BC005D5196 /* Products */;
			projectDirPath = "";
			projectRoot = "";
			targets = (
				7D1EB5882A0838BC005D5196 /* Instagram */,
			);
		};
/* End PBXProject section */

/* Begin PBXResourcesBuildPhase section */
		7D1EB5872A0838BC005D5196 /* Resources */ = {
			isa = PBXResourcesBuildPhase;
			buildActionMask = 2147483647;
			files = (
				7D1EB5992A0838BD005D5196 /* LaunchScreen.storyboard in Resources */,
				7D1EB5962A0838BD005D5196 /* Assets.xcassets in Resources */,
			);
			runOnlyForDeploymentPostprocessing = 0;
		};
/* End PBXResourcesBuildPhase section */

/* Begin PBXSourcesBuildPhase section */
		7D1EB5852A0838BC005D5196 /* Sources */ = {
			isa = PBXSourcesBuildPhase;
			buildActionMask = 2147483647;
			files = (
				7D1EB5C72A08B809005D5196 /* InstagramLogo.swift in Sources */,
				7D6B5A2A2A0F8C9A000EE1C9 /* StoriesCellTableViewCell.swift in Sources */,
				7DB08FE52A23097500CB83AE /* UITableViewCell + extension.swift in Sources */,
				7D1EB5BB2A0850DE005D5196 /* SearchViewController.swift in Sources */,
				7D3DB7F92A126D3900F25152 /* StoriesCollectionViewCell.swift in Sources */,
				7D414C2F2A1E7BAE0053DC68 /* UIView + extension.swift in Sources */,
				7D1EB5912A0838BC005D5196 /* TabBarController.swift in Sources */,
				7D1EB5C42A08519B005D5196 /* AccountViewController.swift in Sources */,
				7D1EB58D2A0838BC005D5196 /* AppDelegate.swift in Sources */,
				7D1EB5BE2A085119005D5196 /* AddPublicationViewController.swift in Sources */,
				7D3DB7F72A124C2B00F25152 /* StoriesModel.swift in Sources */,
				7D6B5A2C2A0F8D6F000EE1C9 /* CellCelection.swift in Sources */,
				7D1EB58F2A0838BC005D5196 /* SceneDelegate.swift in Sources */,
				7D1EB5B82A0850A5005D5196 /* HomeViewController.swift in Sources */,
				7D1EB5CC2A096B55005D5196 /* PostModel.swift in Sources */,
				7D1EB5C12A085165005D5196 /* RealsViewController.swift in Sources */,
				7D1EB5CA2A08E366005D5196 /* PostCell.swift in Sources */,
			);
			runOnlyForDeploymentPostprocessing = 0;
		};
/* End PBXSourcesBuildPhase section */

/* Begin PBXVariantGroup section */
		7D1EB5972A0838BD005D5196 /* LaunchScreen.storyboard */ = {
			isa = PBXVariantGroup;
			children = (
				7D1EB5982A0838BD005D5196 /* Base */,
			);
			name = LaunchScreen.storyboard;
			sourceTree = "<group>";
		};
/* End PBXVariantGroup section */

/* Begin XCBuildConfiguration section */
		7D1EB59B2A0838BD005D5196 /* Debug */ = {
			isa = XCBuildConfiguration;
			buildSettings = {
				ALWAYS_SEARCH_USER_PATHS = NO;
				CLANG_ANALYZER_NONNULL = YES;
				CLANG_ANALYZER_NUMBER_OBJECT_CONVERSION = YES_AGGRESSIVE;
				CLANG_CXX_LANGUAGE_STANDARD = "gnu++20";
				CLANG_ENABLE_MODULES = YES;
				CLANG_ENABLE_OBJC_ARC = YES;
				CLANG_ENABLE_OBJC_WEAK = YES;
				CLANG_WARN_BLOCK_CAPTURE_AUTORELEASING = YES;
				CLANG_WARN_BOOL_CONVERSION = YES;
				CLANG_WARN_COMMA = YES;
				CLANG_WARN_CONSTANT_CONVERSION = YES;
				CLANG_WARN_DEPRECATED_OBJC_IMPLEMENTATIONS = YES;
				CLANG_WARN_DIRECT_OBJC_ISA_USAGE = YES_ERROR;
				CLANG_WARN_DOCUMENTATION_COMMENTS = YES;
				CLANG_WARN_EMPTY_BODY = YES;
				CLANG_WARN_ENUM_CONVERSION = YES;
				CLANG_WARN_INFINITE_RECURSION = YES;
				CLANG_WARN_INT_CONVERSION = YES;
				CLANG_WARN_NON_LITERAL_NULL_CONVERSION = YES;
				CLANG_WARN_OBJC_IMPLICIT_RETAIN_SELF = YES;
				CLANG_WARN_OBJC_LITERAL_CONVERSION = YES;
				CLANG_WARN_OBJC_ROOT_CLASS = YES_ERROR;
				CLANG_WARN_QUOTED_INCLUDE_IN_FRAMEWORK_HEADER = YES;
				CLANG_WARN_RANGE_LOOP_ANALYSIS = YES;
				CLANG_WARN_STRICT_PROTOTYPES = YES;
				CLANG_WARN_SUSPICIOUS_MOVE = YES;
				CLANG_WARN_UNGUARDED_AVAILABILITY = YES_AGGRESSIVE;
				CLANG_WARN_UNREACHABLE_CODE = YES;
				CLANG_WARN__DUPLICATE_METHOD_MATCH = YES;
				COPY_PHASE_STRIP = NO;
				DEBUG_INFORMATION_FORMAT = dwarf;
				ENABLE_STRICT_OBJC_MSGSEND = YES;
				ENABLE_TESTABILITY = YES;
				GCC_C_LANGUAGE_STANDARD = gnu11;
				GCC_DYNAMIC_NO_PIC = NO;
				GCC_NO_COMMON_BLOCKS = YES;
				GCC_OPTIMIZATION_LEVEL = 0;
				GCC_PREPROCESSOR_DEFINITIONS = (
					"DEBUG=1",
					"$(inherited)",
				);
				GCC_WARN_64_TO_32_BIT_CONVERSION = YES;
				GCC_WARN_ABOUT_RETURN_TYPE = YES_ERROR;
				GCC_WARN_UNDECLARED_SELECTOR = YES;
				GCC_WARN_UNINITIALIZED_AUTOS = YES_AGGRESSIVE;
				GCC_WARN_UNUSED_FUNCTION = YES;
				GCC_WARN_UNUSED_VARIABLE = YES;
				IPHONEOS_DEPLOYMENT_TARGET = 16.4;
				MTL_ENABLE_DEBUG_INFO = INCLUDE_SOURCE;
				MTL_FAST_MATH = YES;
				ONLY_ACTIVE_ARCH = YES;
				SDKROOT = iphoneos;
				SWIFT_ACTIVE_COMPILATION_CONDITIONS = DEBUG;
				SWIFT_OPTIMIZATION_LEVEL = "-Onone";
			};
			name = Debug;
		};
		7D1EB59C2A0838BD005D5196 /* Release */ = {
			isa = XCBuildConfiguration;
			buildSettings = {
				ALWAYS_SEARCH_USER_PATHS = NO;
				CLANG_ANALYZER_NONNULL = YES;
				CLANG_ANALYZER_NUMBER_OBJECT_CONVERSION = YES_AGGRESSIVE;
				CLANG_CXX_LANGUAGE_STANDARD = "gnu++20";
				CLANG_ENABLE_MODULES = YES;
				CLANG_ENABLE_OBJC_ARC = YES;
				CLANG_ENABLE_OBJC_WEAK = YES;
				CLANG_WARN_BLOCK_CAPTURE_AUTORELEASING = YES;
				CLANG_WARN_BOOL_CONVERSION = YES;
				CLANG_WARN_COMMA = YES;
				CLANG_WARN_CONSTANT_CONVERSION = YES;
				CLANG_WARN_DEPRECATED_OBJC_IMPLEMENTATIONS = YES;
				CLANG_WARN_DIRECT_OBJC_ISA_USAGE = YES_ERROR;
				CLANG_WARN_DOCUMENTATION_COMMENTS = YES;
				CLANG_WARN_EMPTY_BODY = YES;
				CLANG_WARN_ENUM_CONVERSION = YES;
				CLANG_WARN_INFINITE_RECURSION = YES;
				CLANG_WARN_INT_CONVERSION = YES;
				CLANG_WARN_NON_LITERAL_NULL_CONVERSION = YES;
				CLANG_WARN_OBJC_IMPLICIT_RETAIN_SELF = YES;
				CLANG_WARN_OBJC_LITERAL_CONVERSION = YES;
				CLANG_WARN_OBJC_ROOT_CLASS = YES_ERROR;
				CLANG_WARN_QUOTED_INCLUDE_IN_FRAMEWORK_HEADER = YES;
				CLANG_WARN_RANGE_LOOP_ANALYSIS = YES;
				CLANG_WARN_STRICT_PROTOTYPES = YES;
				CLANG_WARN_SUSPICIOUS_MOVE = YES;
				CLANG_WARN_UNGUARDED_AVAILABILITY = YES_AGGRESSIVE;
				CLANG_WARN_UNREACHABLE_CODE = YES;
				CLANG_WARN__DUPLICATE_METHOD_MATCH = YES;
				COPY_PHASE_STRIP = NO;
				DEBUG_INFORMATION_FORMAT = "dwarf-with-dsym";
				ENABLE_NS_ASSERTIONS = NO;
				ENABLE_STRICT_OBJC_MSGSEND = YES;
				GCC_C_LANGUAGE_STANDARD = gnu11;
				GCC_NO_COMMON_BLOCKS = YES;
				GCC_WARN_64_TO_32_BIT_CONVERSION = YES;
				GCC_WARN_ABOUT_RETURN_TYPE = YES_ERROR;
				GCC_WARN_UNDECLARED_SELECTOR = YES;
				GCC_WARN_UNINITIALIZED_AUTOS = YES_AGGRESSIVE;
				GCC_WARN_UNUSED_FUNCTION = YES;
				GCC_WARN_UNUSED_VARIABLE = YES;
				IPHONEOS_DEPLOYMENT_TARGET = 16.4;
				MTL_ENABLE_DEBUG_INFO = NO;
				MTL_FAST_MATH = YES;
				SDKROOT = iphoneos;
				SWIFT_COMPILATION_MODE = wholemodule;
				SWIFT_OPTIMIZATION_LEVEL = "-O";
				VALIDATE_PRODUCT = YES;
			};
			name = Release;
		};
		7D1EB59E2A0838BD005D5196 /* Debug */ = {
			isa = XCBuildConfiguration;
			buildSettings = {
				ASSETCATALOG_COMPILER_APPICON_NAME = AppIcon;
				ASSETCATALOG_COMPILER_GLOBAL_ACCENT_COLOR_NAME = AccentColor;
				CODE_SIGN_STYLE = Automatic;
				CURRENT_PROJECT_VERSION = 1;
				DEVELOPMENT_TEAM = 722725XTB3;
				GENERATE_INFOPLIST_FILE = YES;
				INFOPLIST_FILE = Instagram/App/Info.plist;
				INFOPLIST_KEY_UIApplicationSupportsIndirectInputEvents = YES;
				INFOPLIST_KEY_UILaunchStoryboardName = LaunchScreen;
				INFOPLIST_KEY_UISupportedInterfaceOrientations_iPad = "UIInterfaceOrientationPortrait UIInterfaceOrientationPortraitUpsideDown UIInterfaceOrientationLandscapeLeft UIInterfaceOrientationLandscapeRight";
				INFOPLIST_KEY_UISupportedInterfaceOrientations_iPhone = "UIInterfaceOrientationPortrait UIInterfaceOrientationLandscapeLeft UIInterfaceOrientationLandscapeRight";
				LD_RUNPATH_SEARCH_PATHS = (
					"$(inherited)",
					"@executable_path/Frameworks",
				);
				MARKETING_VERSION = 1.0;
				PRODUCT_BUNDLE_IDENTIFIER = "Denis-Kurlykov.Instagram";
				PRODUCT_NAME = "$(TARGET_NAME)";
				SWIFT_EMIT_LOC_STRINGS = YES;
				SWIFT_VERSION = 5.0;
				TARGETED_DEVICE_FAMILY = "1,2";
			};
			name = Debug;
		};
		7D1EB59F2A0838BD005D5196 /* Release */ = {
			isa = XCBuildConfiguration;
			buildSettings = {
				ASSETCATALOG_COMPILER_APPICON_NAME = AppIcon;
				ASSETCATALOG_COMPILER_GLOBAL_ACCENT_COLOR_NAME = AccentColor;
				CODE_SIGN_STYLE = Automatic;
				CURRENT_PROJECT_VERSION = 1;
				DEVELOPMENT_TEAM = 722725XTB3;
				GENERATE_INFOPLIST_FILE = YES;
				INFOPLIST_FILE = Instagram/App/Info.plist;
				INFOPLIST_KEY_UIApplicationSupportsIndirectInputEvents = YES;
				INFOPLIST_KEY_UILaunchStoryboardName = LaunchScreen;
				INFOPLIST_KEY_UISupportedInterfaceOrientations_iPad = "UIInterfaceOrientationPortrait UIInterfaceOrientationPortraitUpsideDown UIInterfaceOrientationLandscapeLeft UIInterfaceOrientationLandscapeRight";
				INFOPLIST_KEY_UISupportedInterfaceOrientations_iPhone = "UIInterfaceOrientationPortrait UIInterfaceOrientationLandscapeLeft UIInterfaceOrientationLandscapeRight";
				LD_RUNPATH_SEARCH_PATHS = (
					"$(inherited)",
					"@executable_path/Frameworks",
				);
				MARKETING_VERSION = 1.0;
				PRODUCT_BUNDLE_IDENTIFIER = "Denis-Kurlykov.Instagram";
				PRODUCT_NAME = "$(TARGET_NAME)";
				SWIFT_EMIT_LOC_STRINGS = YES;
				SWIFT_VERSION = 5.0;
				TARGETED_DEVICE_FAMILY = "1,2";
			};
			name = Release;
		};
/* End XCBuildConfiguration section */

/* Begin XCConfigurationList section */
		7D1EB5842A0838BC005D5196 /* Build configuration list for PBXProject "Instagram" */ = {
			isa = XCConfigurationList;
			buildConfigurations = (
				7D1EB59B2A0838BD005D5196 /* Debug */,
				7D1EB59C2A0838BD005D5196 /* Release */,
			);
			defaultConfigurationIsVisible = 0;
			defaultConfigurationName = Release;
		};
		7D1EB59D2A0838BD005D5196 /* Build configuration list for PBXNativeTarget "Instagram" */ = {
			isa = XCConfigurationList;
			buildConfigurations = (
				7D1EB59E2A0838BD005D5196 /* Debug */,
				7D1EB59F2A0838BD005D5196 /* Release */,
			);
			defaultConfigurationIsVisible = 0;
			defaultConfigurationName = Release;
		};
/* End XCConfigurationList section */
	};
	rootObject = 7D1EB5812A0838BC005D5196 /* Project object */;
}
